
Microsoft Visual Studio Solution File, Format Version 12.00
# Visual Studio Version 16
VisualStudioVersion = 25.0.1706.9
MinimumVisualStudioVersion = 10.0.40219.1
Project("{FAE04EC0-301F-11D3-BF4B-00C04F79EFBC}") = "Array-DateTime", "Array-DateTime\Array-DateTime.csproj", "{697C74A6-19AE-4554-95C9-965B02E6EC2E}"
EndProject
Global
	GlobalSection(SolutionConfigurationPlatforms) = preSolution
		Debug|Any CPU = Debug|Any CPU
		Release|Any CPU = Release|Any CPU
	EndGlobalSection
	GlobalSection(ProjectConfigurationPlatforms) = postSolution
		{697C74A6-19AE-4554-95C9-965B02E6EC2E}.Debug|Any CPU.ActiveCfg = Debug|Any CPU
		{697C74A6-19AE-4554-95C9-965B02E6EC2E}.Debug|Any CPU.Build.0 = Debug|Any CPU
		{697C74A6-19AE-4554-95C9-965B02E6EC2E}.Release|Any CPU.ActiveCfg = Release|Any CPU
		{697C74A6-19AE-4554-95C9-965B02E6EC2E}.Release|Any CPU.Build.0 = Release|Any CPU
	EndGlobalSection
	GlobalSection(SolutionProperties) = preSolution
		HideSolutionNode = FALSE
	EndGlobalSection
	GlobalSection(ExtensibilityGlobals) = postSolution
		SolutionGuid = {66E8CB37-3B37-41BD-B1F1-59A73E953F73}
	EndGlobalSection
EndGlobal
